
Microsoft Visual Studio Solution File, Format Version 12.00
# Visual Studio Version 17
VisualStudioVersion = 17.0.31903.59
MinimumVisualStudioVersion = 10.0.40219.1
Project("{FAE04EC0-301F-11D3-BF4B-00C04F79EFBC}") = "Loadbalancev13GithubactionsSecretsGooglecloudrun.Web", "Loadbalancev13GithubactionsSecretsGooglecloudrun.Web\Loadbalancev13GithubactionsSecretsGooglecloudrun.Web.csproj", "{3DE735AA-0B2C-46FD-B3CD-CD897E79C089}"
EndProject
Global
	GlobalSection(SolutionConfigurationPlatforms) = preSolution
		Debug|Any CPU = Debug|Any CPU
		Release|Any CPU = Release|Any CPU
	EndGlobalSection
	GlobalSection(SolutionProperties) = preSolution
		HideSolutionNode = FALSE
	EndGlobalSection
	GlobalSection(ProjectConfigurationPlatforms) = postSolution
		{3DE735AA-0B2C-46FD-B3CD-CD897E79C089}.Debug|Any CPU.ActiveCfg = Debug|Any CPU
		{3DE735AA-0B2C-46FD-B3CD-CD897E79C089}.Debug|Any CPU.Build.0 = Debug|Any CPU
		{3DE735AA-0B2C-46FD-B3CD-CD897E79C089}.Release|Any CPU.ActiveCfg = Release|Any CPU
		{3DE735AA-0B2C-46FD-B3CD-CD897E79C089}.Release|Any CPU.Build.0 = Release|Any CPU
	EndGlobalSection
EndGlobal
Project("{2150E333-8FDC-42A3-9474-1A3956D46DE8}") = "Solution Files", "Solution Files", "{8262B1C5-8DCF-4D57-A82B-1DBAEFCFAD11}"
	ProjectSection(SolutionItems) = preProject
		NuGet.config = NuGet.config
		.umbraco = .umbraco
		.editorconfig = .editorconfig
		Readme.md = Readme.md
		.dockerignore = .dockerignore
		.gitignore = .gitignore
		.gitattributes = .gitattributes
		Loadbalancev13GithubactionsSecretsGooglecloudrun.Web\umbraco-cloud.json = Loadbalancev13GithubactionsSecretsGooglecloudrun.Web\umbraco-cloud.json
	EndProjectSection
EndProject
